
Microsoft Visual Studio Solution File, Format Version 12.00
# Visual Studio Version 16
VisualStudioVersion = 16.0.31515.178
MinimumVisualStudioVersion = 10.0.40219.1
Project("{9A19103F-16F7-4668-BE54-9A1E7A4F7556}") = "CSXPression", "CSXPression\CSXPression.csproj", "{4E27F147-F509-4AC2-ADC6-70462102BDB5}"
EndProject
Project("{9A19103F-16F7-4668-BE54-9A1E7A4F7556}") = "TryWindow", "TryWindow\TryWindow.csproj", "{DB3312C3-B6C5-43FB-B62B-4CD52B3A24F7}"
EndProject
Project("{9A19103F-16F7-4668-BE54-9A1E7A4F7556}") = "CSXPression.Tests", "CSXPression.Tests\CSXPression.Tests.csproj", "{F33A3CE7-99CE-4213-BD26-97B756C87D2D}"
EndProject
Project("{9A19103F-16F7-4668-BE54-9A1E7A4F7556}") = "TryCSharpStuffs", "TryCSharpStuffs\TryCSharpStuffs.csproj", "{28B0F864-D94B-4C9B-A8B7-D1E084192D69}"
EndProject
Project("{FAE04EC0-301F-11D3-BF4B-00C04F79EFBC}") = "OptimizationBenchmarks", "OptimizationBenchmarks\OptimizationBenchmarks.csproj", "{FB533B7E-572F-48C8-8AA0-8464A0C158F7}"
EndProject
Global
	GlobalSection(SolutionConfigurationPlatforms) = preSolution
		Debug|Any CPU = Debug|Any CPU
		Release|Any CPU = Release|Any CPU
	EndGlobalSection
	GlobalSection(ProjectConfigurationPlatforms) = postSolution
		{4E27F147-F509-4AC2-ADC6-70462102BDB5}.Debug|Any CPU.ActiveCfg = Debug|Any CPU
		{4E27F147-F509-4AC2-ADC6-70462102BDB5}.Debug|Any CPU.Build.0 = Debug|Any CPU
		{4E27F147-F509-4AC2-ADC6-70462102BDB5}.Release|Any CPU.ActiveCfg = Release|Any CPU
		{4E27F147-F509-4AC2-ADC6-70462102BDB5}.Release|Any CPU.Build.0 = Release|Any CPU
		{DB3312C3-B6C5-43FB-B62B-4CD52B3A24F7}.Debug|Any CPU.ActiveCfg = Debug|Any CPU
		{DB3312C3-B6C5-43FB-B62B-4CD52B3A24F7}.Debug|Any CPU.Build.0 = Debug|Any CPU
		{DB3312C3-B6C5-43FB-B62B-4CD52B3A24F7}.Release|Any CPU.ActiveCfg = Release|Any CPU
		{DB3312C3-B6C5-43FB-B62B-4CD52B3A24F7}.Release|Any CPU.Build.0 = Release|Any CPU
		{F33A3CE7-99CE-4213-BD26-97B756C87D2D}.Debug|Any CPU.ActiveCfg = Debug|Any CPU
		{F33A3CE7-99CE-4213-BD26-97B756C87D2D}.Debug|Any CPU.Build.0 = Debug|Any CPU
		{F33A3CE7-99CE-4213-BD26-97B756C87D2D}.Release|Any CPU.ActiveCfg = Release|Any CPU
		{F33A3CE7-99CE-4213-BD26-97B756C87D2D}.Release|Any CPU.Build.0 = Release|Any CPU
		{28B0F864-D94B-4C9B-A8B7-D1E084192D69}.Debug|Any CPU.ActiveCfg = Debug|Any CPU
		{28B0F864-D94B-4C9B-A8B7-D1E084192D69}.Debug|Any CPU.Build.0 = Debug|Any CPU
		{28B0F864-D94B-4C9B-A8B7-D1E084192D69}.Release|Any CPU.ActiveCfg = Release|Any CPU
		{28B0F864-D94B-4C9B-A8B7-D1E084192D69}.Release|Any CPU.Build.0 = Release|Any CPU
		{FB533B7E-572F-48C8-8AA0-8464A0C158F7}.Debug|Any CPU.ActiveCfg = Debug|Any CPU
		{FB533B7E-572F-48C8-8AA0-8464A0C158F7}.Debug|Any CPU.Build.0 = Debug|Any CPU
		{FB533B7E-572F-48C8-8AA0-8464A0C158F7}.Release|Any CPU.ActiveCfg = Release|Any CPU
		{FB533B7E-572F-48C8-8AA0-8464A0C158F7}.Release|Any CPU.Build.0 = Release|Any CPU
	EndGlobalSection
	GlobalSection(SolutionProperties) = preSolution
		HideSolutionNode = FALSE
	EndGlobalSection
	GlobalSection(ExtensibilityGlobals) = postSolution
		SolutionGuid = {5822CE62-7FF7-4BFE-8C73-EC75549262DF}
	EndGlobalSection
EndGlobal
